
Microsoft Visual Studio Solution File, Format Version 12.00
# Visual Studio 14
VisualStudioVersion = 14.0.25420.1
MinimumVisualStudioVersion = 10.0.40219.1
Project("{E24C65DC-7377-472B-9ABA-BC803B73C61A}") = "Bermuda", ".", "{10D1635C-8E67-43CB-AB39-DF3BE04321A6}"
	ProjectSection(WebsiteProperties) = preProject
		TargetFrameworkMoniker = ".NETFramework,Version%3Dv4.5"
		Debug.AspNetCompiler.VirtualPath = "/localhost_61169"
		Debug.AspNetCompiler.PhysicalPath = "..\Bermuda\"
		Debug.AspNetCompiler.TargetPath = "PrecompiledWeb\localhost_61169\"
		Debug.AspNetCompiler.Updateable = "true"
		Debug.AspNetCompiler.ForceOverwrite = "true"
		Debug.AspNetCompiler.FixedNames = "false"
		Debug.AspNetCompiler.Debug = "True"
		Release.AspNetCompiler.VirtualPath = "/localhost_61169"
		Release.AspNetCompiler.PhysicalPath = "..\Bermuda\"
		Release.AspNetCompiler.TargetPath = "PrecompiledWeb\localhost_61169\"
		Release.AspNetCompiler.Updateable = "true"
		Release.AspNetCompiler.ForceOverwrite = "true"
		Release.AspNetCompiler.FixedNames = "false"
		Release.AspNetCompiler.Debug = "False"
		VWDPort = "61169"
		SlnRelativePath = "..\Bermuda\"
	EndProjectSection
EndProject
Global
	GlobalSection(SolutionConfigurationPlatforms) = preSolution
		Debug|Any CPU = Debug|Any CPU
	EndGlobalSection
	GlobalSection(ProjectConfigurationPlatforms) = postSolution
		{10D1635C-8E67-43CB-AB39-DF3BE04321A6}.Debug|Any CPU.ActiveCfg = Debug|Any CPU
		{10D1635C-8E67-43CB-AB39-DF3BE04321A6}.Debug|Any CPU.Build.0 = Debug|Any CPU
	EndGlobalSection
	GlobalSection(SolutionProperties) = preSolution
		HideSolutionNode = FALSE
	EndGlobalSection
EndGlobal
